
Microsoft Visual Studio Solution File, Format Version 11.00
# Visual C# Express 2010
Project("{FAE04EC0-301F-11D3-BF4B-00C04F79EFBC}") = "ColorEditor20160610", "ColorEditor20160610\ColorEditor20160610.csproj", "{44A97F7E-F3CE-4C7F-B69B-C46A32458EBF}"
EndProject
Global
	GlobalSection(SolutionConfigurationPlatforms) = preSolution
		Debug|x86 = Debug|x86
		Release|x86 = Release|x86
	EndGlobalSection
	GlobalSection(ProjectConfigurationPlatforms) = postSolution
		{44A97F7E-F3CE-4C7F-B69B-C46A32458EBF}.Debug|x86.ActiveCfg = Debug|x86
		{44A97F7E-F3CE-4C7F-B69B-C46A32458EBF}.Debug|x86.Build.0 = Debug|x86
		{44A97F7E-F3CE-4C7F-B69B-C46A32458EBF}.Release|x86.ActiveCfg = Release|x86
		{44A97F7E-F3CE-4C7F-B69B-C46A32458EBF}.Release|x86.Build.0 = Release|x86
	EndGlobalSection
	GlobalSection(SolutionProperties) = preSolution
		HideSolutionNode = FALSE
	EndGlobalSection
EndGlobal
